// !$*UTF8*$!
{
	archiveVersion = 1;
	classes = {
	};
	objectVersion = 56;
	objects = {

/* Begin PBXBuildFile section */
		124F82D22BDF91E5003A1B02 /* JogeDangApp.swift in Sources */ = {isa = PBXBuildFile; fileRef = 124F82D12BDF91E5003A1B02 /* JogeDangApp.swift */; };
		124F82D42BDF91E5003A1B02 /* ContentView.swift in Sources */ = {isa = PBXBuildFile; fileRef = 124F82D32BDF91E5003A1B02 /* ContentView.swift */; };
		124F82D62BDF91E6003A1B02 /* Assets.xcassets in Resources */ = {isa = PBXBuildFile; fileRef = 124F82D52BDF91E6003A1B02 /* Assets.xcassets */; };
		124F82D92BDF91E6003A1B02 /* Preview Assets.xcassets in Resources */ = {isa = PBXBuildFile; fileRef = 124F82D82BDF91E6003A1B02 /* Preview Assets.xcassets */; };
		124F82E02BDF93AA003A1B02 /* SplashScreen.swift in Sources */ = {isa = PBXBuildFile; fileRef = 124F82DF2BDF93AA003A1B02 /* SplashScreen.swift */; };
		30F45CC32BE0E556008762F7 /* ResultView.swift in Sources */ = {isa = PBXBuildFile; fileRef = 30F45CC22BE0E556008762F7 /* ResultView.swift */; };
		54ADACA62BE0823C00CBFB8F /* ButtonMusicView.swift in Sources */ = {isa = PBXBuildFile; fileRef = 54ADACA52BE0823C00CBFB8F /* ButtonMusicView.swift */; };
		54ADACA92BE0828F00CBFB8F /* lagu1.mp3 in Resources */ = {isa = PBXBuildFile; fileRef = 54ADACA82BE0828E00CBFB8F /* lagu1.mp3 */; };
		54ADACAB2BE082C000CBFB8F /* TimerView.swift in Sources */ = {isa = PBXBuildFile; fileRef = 54ADACAA2BE082C000CBFB8F /* TimerView.swift */; };
		54ADACAD2BE0830400CBFB8F /* GaugeBarView.swift in Sources */ = {isa = PBXBuildFile; fileRef = 54ADACAC2BE0830400CBFB8F /* GaugeBarView.swift */; };
		54ADACB32BE085A000CBFB8F /* Combined.swift in Sources */ = {isa = PBXBuildFile; fileRef = 54ADACB22BE085A000CBFB8F /* Combined.swift */; };
		54ADACB62BE0968000CBFB8F /* VideoCapture.swift in Sources */ = {isa = PBXBuildFile; fileRef = 54ADACB52BE0968000CBFB8F /* VideoCapture.swift */; };
		54ADACB82BE0969100CBFB8F /* Predictor.swift in Sources */ = {isa = PBXBuildFile; fileRef = 54ADACB72BE0969100CBFB8F /* Predictor.swift */; };
		54ADACBA2BE096A200CBFB8F /* ViewController.swift in Sources */ = {isa = PBXBuildFile; fileRef = 54ADACB92BE096A200CBFB8F /* ViewController.swift */; };
/* End PBXBuildFile section */

/* Begin PBXFileReference section */
		124F82CE2BDF91E5003A1B02 /* JogeDang.app */ = {isa = PBXFileReference; explicitFileType = wrapper.application; includeInIndex = 0; path = JogeDang.app; sourceTree = BUILT_PRODUCTS_DIR; };
		124F82D12BDF91E5003A1B02 /* JogeDangApp.swift */ = {isa = PBXFileReference; lastKnownFileType = sourcecode.swift; path = JogeDangApp.swift; sourceTree = "<group>"; };
		124F82D32BDF91E5003A1B02 /* ContentView.swift */ = {isa = PBXFileReference; lastKnownFileType = sourcecode.swift; path = ContentView.swift; sourceTree = "<group>"; };
		124F82D52BDF91E6003A1B02 /* Assets.xcassets */ = {isa = PBXFileReference; lastKnownFileType = folder.assetcatalog; path = Assets.xcassets; sourceTree = "<group>"; };
		124F82D82BDF91E6003A1B02 /* Preview Assets.xcassets */ = {isa = PBXFileReference; lastKnownFileType = folder.assetcatalog; path = "Preview Assets.xcassets"; sourceTree = "<group>"; };
		124F82DF2BDF93AA003A1B02 /* SplashScreen.swift */ = {isa = PBXFileReference; lastKnownFileType = sourcecode.swift; path = SplashScreen.swift; sourceTree = "<group>"; };
		30F45CC22BE0E556008762F7 /* ResultView.swift */ = {isa = PBXFileReference; lastKnownFileType = sourcecode.swift; path = ResultView.swift; sourceTree = "<group>"; };
		54ADACA52BE0823C00CBFB8F /* ButtonMusicView.swift */ = {isa = PBXFileReference; lastKnownFileType = sourcecode.swift; path = ButtonMusicView.swift; sourceTree = "<group>"; };
		54ADACA82BE0828E00CBFB8F /* lagu1.mp3 */ = {isa = PBXFileReference; lastKnownFileType = audio.mp3; path = lagu1.mp3; sourceTree = "<group>"; };
		54ADACAA2BE082C000CBFB8F /* TimerView.swift */ = {isa = PBXFileReference; lastKnownFileType = sourcecode.swift; path = TimerView.swift; sourceTree = "<group>"; };
		54ADACAC2BE0830400CBFB8F /* GaugeBarView.swift */ = {isa = PBXFileReference; lastKnownFileType = sourcecode.swift; path = GaugeBarView.swift; sourceTree = "<group>"; };
		54ADACB22BE085A000CBFB8F /* Combined.swift */ = {isa = PBXFileReference; lastKnownFileType = sourcecode.swift; path = Combined.swift; sourceTree = "<group>"; };
		54ADACB52BE0968000CBFB8F /* VideoCapture.swift */ = {isa = PBXFileReference; lastKnownFileType = sourcecode.swift; path = VideoCapture.swift; sourceTree = "<group>"; };
		54ADACB72BE0969100CBFB8F /* Predictor.swift */ = {isa = PBXFileReference; lastKnownFileType = sourcecode.swift; path = Predictor.swift; sourceTree = "<group>"; };
		54ADACB92BE096A200CBFB8F /* ViewController.swift */ = {isa = PBXFileReference; lastKnownFileType = sourcecode.swift; path = ViewController.swift; sourceTree = "<group>"; };
/* End PBXFileReference section */

/* Begin PBXFrameworksBuildPhase section */
		124F82CB2BDF91E5003A1B02 /* Frameworks */ = {
			isa = PBXFrameworksBuildPhase;
			buildActionMask = 2147483647;
			files = (
			);
			runOnlyForDeploymentPostprocessing = 0;
		};
/* End PBXFrameworksBuildPhase section */

/* Begin PBXGroup section */
		124F82C52BDF91E5003A1B02 = {
			isa = PBXGroup;
			children = (
				124F82D02BDF91E5003A1B02 /* JogeDang */,
				124F82CF2BDF91E5003A1B02 /* Products */,
			);
			sourceTree = "<group>";
		};
		124F82CF2BDF91E5003A1B02 /* Products */ = {
			isa = PBXGroup;
			children = (
				124F82CE2BDF91E5003A1B02 /* JogeDang.app */,
			);
			name = Products;
			sourceTree = "<group>";
		};
		124F82D02BDF91E5003A1B02 /* JogeDang */ = {
			isa = PBXGroup;
			children = (
				54ADACB42BE08E3600CBFB8F /* VideoView */,
				124F82D12BDF91E5003A1B02 /* JogeDangApp.swift */,
				124F82DF2BDF93AA003A1B02 /* SplashScreen.swift */,
				124F82D32BDF91E5003A1B02 /* ContentView.swift */,
				54ADACAA2BE082C000CBFB8F /* TimerView.swift */,
				54ADACA52BE0823C00CBFB8F /* ButtonMusicView.swift */,
				54ADACAC2BE0830400CBFB8F /* GaugeBarView.swift */,
				54ADACB22BE085A000CBFB8F /* Combined.swift */,
				30F45CC22BE0E556008762F7 /* ResultView.swift */,
				54ADACA72BE0828E00CBFB8F /* Lagu */,
				124F82D52BDF91E6003A1B02 /* Assets.xcassets */,
				124F82D72BDF91E6003A1B02 /* Preview Content */,
			);
			path = JogeDang;
			sourceTree = "<group>";
		};
		124F82D72BDF91E6003A1B02 /* Preview Content */ = {
			isa = PBXGroup;
			children = (
				124F82D82BDF91E6003A1B02 /* Preview Assets.xcassets */,
			);
			path = "Preview Content";
			sourceTree = "<group>";
		};
		54ADACA72BE0828E00CBFB8F /* Lagu */ = {
			isa = PBXGroup;
			children = (
				54ADACA82BE0828E00CBFB8F /* lagu1.mp3 */,
			);
			path = Lagu;
			sourceTree = "<group>";
		};
		54ADACB42BE08E3600CBFB8F /* VideoView */ = {
			isa = PBXGroup;
			children = (
				54ADACB52BE0968000CBFB8F /* VideoCapture.swift */,
				54ADACB72BE0969100CBFB8F /* Predictor.swift */,
				54ADACB92BE096A200CBFB8F /* ViewController.swift */,
			);
			path = VideoView;
			sourceTree = "<group>";
		};
/* End PBXGroup section */

/* Begin PBXNativeTarget section */
		124F82CD2BDF91E5003A1B02 /* JogeDang */ = {
			isa = PBXNativeTarget;
			buildConfigurationList = 124F82DC2BDF91E6003A1B02 /* Build configuration list for PBXNativeTarget "JogeDang" */;
			buildPhases = (
				124F82CA2BDF91E5003A1B02 /* Sources */,
				124F82CB2BDF91E5003A1B02 /* Frameworks */,
				124F82CC2BDF91E5003A1B02 /* Resources */,
			);
			buildRules = (
			);
			dependencies = (
			);
			name = JogeDang;
			productName = JogeDang;
			productReference = 124F82CE2BDF91E5003A1B02 /* JogeDang.app */;
			productType = "com.apple.product-type.application";
		};
/* End PBXNativeTarget section */

/* Begin PBXProject section */
		124F82C62BDF91E5003A1B02 /* Project object */ = {
			isa = PBXProject;
			attributes = {
				BuildIndependentTargetsInParallel = 1;
				LastSwiftUpdateCheck = 1520;
				LastUpgradeCheck = 1520;
				TargetAttributes = {
					124F82CD2BDF91E5003A1B02 = {
						CreatedOnToolsVersion = 15.2;
					};
				};
			};
			buildConfigurationList = 124F82C92BDF91E5003A1B02 /* Build configuration list for PBXProject "JogeDang" */;
			compatibilityVersion = "Xcode 14.0";
			developmentRegion = en;
			hasScannedForEncodings = 0;
			knownRegions = (
				en,
				Base,
			);
			mainGroup = 124F82C52BDF91E5003A1B02;
			productRefGroup = 124F82CF2BDF91E5003A1B02 /* Products */;
			projectDirPath = "";
			projectRoot = "";
			targets = (
				124F82CD2BDF91E5003A1B02 /* JogeDang */,
			);
		};
/* End PBXProject section */

/* Begin PBXResourcesBuildPhase section */
		124F82CC2BDF91E5003A1B02 /* Resources */ = {
			isa = PBXResourcesBuildPhase;
			buildActionMask = 2147483647;
			files = (
				124F82D92BDF91E6003A1B02 /* Preview Assets.xcassets in Resources */,
				124F82D62BDF91E6003A1B02 /* Assets.xcassets in Resources */,
				54ADACA92BE0828F00CBFB8F /* lagu1.mp3 in Resources */,
			);
			runOnlyForDeploymentPostprocessing = 0;
		};
/* End PBXResourcesBuildPhase section */

/* Begin PBXSourcesBuildPhase section */
		124F82CA2BDF91E5003A1B02 /* Sources */ = {
			isa = PBXSourcesBuildPhase;
			buildActionMask = 2147483647;
			files = (
				54ADACBA2BE096A200CBFB8F /* ViewController.swift in Sources */,
				54ADACB62BE0968000CBFB8F /* VideoCapture.swift in Sources */,
				30F45CC32BE0E556008762F7 /* ResultView.swift in Sources */,
				124F82E02BDF93AA003A1B02 /* SplashScreen.swift in Sources */,
				54ADACA62BE0823C00CBFB8F /* ButtonMusicView.swift in Sources */,
				54ADACAD2BE0830400CBFB8F /* GaugeBarView.swift in Sources */,
				54ADACB32BE085A000CBFB8F /* Combined.swift in Sources */,
				124F82D42BDF91E5003A1B02 /* ContentView.swift in Sources */,
				54ADACAB2BE082C000CBFB8F /* TimerView.swift in Sources */,
				54ADACB82BE0969100CBFB8F /* Predictor.swift in Sources */,
				124F82D22BDF91E5003A1B02 /* JogeDangApp.swift in Sources */,
			);
			runOnlyForDeploymentPostprocessing = 0;
		};
/* End PBXSourcesBuildPhase section */

/* Begin XCBuildConfiguration section */
		124F82DA2BDF91E6003A1B02 /* Debug */ = {
			isa = XCBuildConfiguration;
			buildSettings = {
				ALWAYS_SEARCH_USER_PATHS = NO;
				ASSETCATALOG_COMPILER_GENERATE_SWIFT_ASSET_SYMBOL_EXTENSIONS = YES;
				CLANG_ANALYZER_NONNULL = YES;
				CLANG_ANALYZER_NUMBER_OBJECT_CONVERSION = YES_AGGRESSIVE;
				CLANG_CXX_LANGUAGE_STANDARD = "gnu++20";
				CLANG_ENABLE_MODULES = YES;
				CLANG_ENABLE_OBJC_ARC = YES;
				CLANG_ENABLE_OBJC_WEAK = YES;
				CLANG_WARN_BLOCK_CAPTURE_AUTORELEASING = YES;
				CLANG_WARN_BOOL_CONVERSION = YES;
				CLANG_WARN_COMMA = YES;
				CLANG_WARN_CONSTANT_CONVERSION = YES;
				CLANG_WARN_DEPRECATED_OBJC_IMPLEMENTATIONS = YES;
				CLANG_WARN_DIRECT_OBJC_ISA_USAGE = YES_ERROR;
				CLANG_WARN_DOCUMENTATION_COMMENTS = YES;
				CLANG_WARN_EMPTY_BODY = YES;
				CLANG_WARN_ENUM_CONVERSION = YES;
				CLANG_WARN_INFINITE_RECURSION = YES;
				CLANG_WARN_INT_CONVERSION = YES;
				CLANG_WARN_NON_LITERAL_NULL_CONVERSION = YES;
				CLANG_WARN_OBJC_IMPLICIT_RETAIN_SELF = YES;
				CLANG_WARN_OBJC_LITERAL_CONVERSION = YES;
				CLANG_WARN_OBJC_ROOT_CLASS = YES_ERROR;
				CLANG_WARN_QUOTED_INCLUDE_IN_FRAMEWORK_HEADER = YES;
				CLANG_WARN_RANGE_LOOP_ANALYSIS = YES;
				CLANG_WARN_STRICT_PROTOTYPES = YES;
				CLANG_WARN_SUSPICIOUS_MOVE = YES;
				CLANG_WARN_UNGUARDED_AVAILABILITY = YES_AGGRESSIVE;
				CLANG_WARN_UNREACHABLE_CODE = YES;
				CLANG_WARN__DUPLICATE_METHOD_MATCH = YES;
				COPY_PHASE_STRIP = NO;
				DEBUG_INFORMATION_FORMAT = dwarf;
				ENABLE_STRICT_OBJC_MSGSEND = YES;
				ENABLE_TESTABILITY = YES;
				ENABLE_USER_SCRIPT_SANDBOXING = YES;
				GCC_C_LANGUAGE_STANDARD = gnu17;
				GCC_DYNAMIC_NO_PIC = NO;
				GCC_NO_COMMON_BLOCKS = YES;
				GCC_OPTIMIZATION_LEVEL = 0;
				GCC_PREPROCESSOR_DEFINITIONS = (
					"DEBUG=1",
					"$(inherited)",
				);
				GCC_WARN_64_TO_32_BIT_CONVERSION = YES;
				GCC_WARN_ABOUT_RETURN_TYPE = YES_ERROR;
				GCC_WARN_UNDECLARED_SELECTOR = YES;
				GCC_WARN_UNINITIALIZED_AUTOS = YES_AGGRESSIVE;
				GCC_WARN_UNUSED_FUNCTION = YES;
				GCC_WARN_UNUSED_VARIABLE = YES;
				IPHONEOS_DEPLOYMENT_TARGET = 17.2;
				LOCALIZATION_PREFERS_STRING_CATALOGS = YES;
				MTL_ENABLE_DEBUG_INFO = INCLUDE_SOURCE;
				MTL_FAST_MATH = YES;
				ONLY_ACTIVE_ARCH = YES;
				SDKROOT = iphoneos;
				SWIFT_ACTIVE_COMPILATION_CONDITIONS = "DEBUG $(inherited)";
				SWIFT_OPTIMIZATION_LEVEL = "-Onone";
			};
			name = Debug;
		};
		124F82DB2BDF91E6003A1B02 /* Release */ = {
			isa = XCBuildConfiguration;
			buildSettings = {
				ALWAYS_SEARCH_USER_PATHS = NO;
				ASSETCATALOG_COMPILER_GENERATE_SWIFT_ASSET_SYMBOL_EXTENSIONS = YES;
				CLANG_ANALYZER_NONNULL = YES;
				CLANG_ANALYZER_NUMBER_OBJECT_CONVERSION = YES_AGGRESSIVE;
				CLANG_CXX_LANGUAGE_STANDARD = "gnu++20";
				CLANG_ENABLE_MODULES = YES;
				CLANG_ENABLE_OBJC_ARC = YES;
				CLANG_ENABLE_OBJC_WEAK = YES;
				CLANG_WARN_BLOCK_CAPTURE_AUTORELEASING = YES;
				CLANG_WARN_BOOL_CONVERSION = YES;
				CLANG_WARN_COMMA = YES;
				CLANG_WARN_CONSTANT_CONVERSION = YES;
				CLANG_WARN_DEPRECATED_OBJC_IMPLEMENTATIONS = YES;
				CLANG_WARN_DIRECT_OBJC_ISA_USAGE = YES_ERROR;
				CLANG_WARN_DOCUMENTATION_COMMENTS = YES;
				CLANG_WARN_EMPTY_BODY = YES;
				CLANG_WARN_ENUM_CONVERSION = YES;
				CLANG_WARN_INFINITE_RECURSION = YES;
				CLANG_WARN_INT_CONVERSION = YES;
				CLANG_WARN_NON_LITERAL_NULL_CONVERSION = YES;
				CLANG_WARN_OBJC_IMPLICIT_RETAIN_SELF = YES;
				CLANG_WARN_OBJC_LITERAL_CONVERSION = YES;
				CLANG_WARN_OBJC_ROOT_CLASS = YES_ERROR;
				CLANG_WARN_QUOTED_INCLUDE_IN_FRAMEWORK_HEADER = YES;
				CLANG_WARN_RANGE_LOOP_ANALYSIS = YES;
				CLANG_WARN_STRICT_PROTOTYPES = YES;
				CLANG_WARN_SUSPICIOUS_MOVE = YES;
				CLANG_WARN_UNGUARDED_AVAILABILITY = YES_AGGRESSIVE;
				CLANG_WARN_UNREACHABLE_CODE = YES;
				CLANG_WARN__DUPLICATE_METHOD_MATCH = YES;
				COPY_PHASE_STRIP = NO;
				DEBUG_INFORMATION_FORMAT = "dwarf-with-dsym";
				ENABLE_NS_ASSERTIONS = NO;
				ENABLE_STRICT_OBJC_MSGSEND = YES;
				ENABLE_USER_SCRIPT_SANDBOXING = YES;
				GCC_C_LANGUAGE_STANDARD = gnu17;
				GCC_NO_COMMON_BLOCKS = YES;
				GCC_WARN_64_TO_32_BIT_CONVERSION = YES;
				GCC_WARN_ABOUT_RETURN_TYPE = YES_ERROR;
				GCC_WARN_UNDECLARED_SELECTOR = YES;
				GCC_WARN_UNINITIALIZED_AUTOS = YES_AGGRESSIVE;
				GCC_WARN_UNUSED_FUNCTION = YES;
				GCC_WARN_UNUSED_VARIABLE = YES;
				IPHONEOS_DEPLOYMENT_TARGET = 17.2;
				LOCALIZATION_PREFERS_STRING_CATALOGS = YES;
				MTL_ENABLE_DEBUG_INFO = NO;
				MTL_FAST_MATH = YES;
				SDKROOT = iphoneos;
				SWIFT_COMPILATION_MODE = wholemodule;
				VALIDATE_PRODUCT = YES;
			};
			name = Release;
		};
		124F82DD2BDF91E6003A1B02 /* Debug */ = {
			isa = XCBuildConfiguration;
			buildSettings = {
				ASSETCATALOG_COMPILER_APPICON_NAME = AppIcon;
				ASSETCATALOG_COMPILER_GLOBAL_ACCENT_COLOR_NAME = AccentColor;
				CODE_SIGN_STYLE = Automatic;
				CURRENT_PROJECT_VERSION = 1;
				DEVELOPMENT_ASSET_PATHS = "\"JogeDang/Preview Content\"";
				DEVELOPMENT_TEAM = P3GLC5X48U;
				ENABLE_PREVIEWS = YES;
				GENERATE_INFOPLIST_FILE = YES;
				INFOPLIST_KEY_NSCameraUsageDescription = "This will use your camera!!!";
				INFOPLIST_KEY_UIApplicationSceneManifest_Generation = YES;
				INFOPLIST_KEY_UIApplicationSupportsIndirectInputEvents = YES;
				INFOPLIST_KEY_UILaunchScreen_Generation = YES;
				INFOPLIST_KEY_UISupportedInterfaceOrientations_iPad = "UIInterfaceOrientationPortrait UIInterfaceOrientationPortraitUpsideDown UIInterfaceOrientationLandscapeLeft UIInterfaceOrientationLandscapeRight";
				INFOPLIST_KEY_UISupportedInterfaceOrientations_iPhone = "UIInterfaceOrientationPortrait UIInterfaceOrientationLandscapeLeft UIInterfaceOrientationLandscapeRight";
				LD_RUNPATH_SEARCH_PATHS = (
					"$(inherited)",
					"@executable_path/Frameworks",
				);
				MARKETING_VERSION = 1.0;
				PRODUCT_BUNDLE_IDENTIFIER = apple.JogeDang;
				PRODUCT_NAME = "$(TARGET_NAME)";
				SWIFT_EMIT_LOC_STRINGS = YES;
				SWIFT_VERSION = 5.0;
				TARGETED_DEVICE_FAMILY = "1,2";
			};
			name = Debug;
		};
		124F82DE2BDF91E6003A1B02 /* Release */ = {
			isa = XCBuildConfiguration;
			buildSettings = {
				ASSETCATALOG_COMPILER_APPICON_NAME = AppIcon;
				ASSETCATALOG_COMPILER_GLOBAL_ACCENT_COLOR_NAME = AccentColor;
				CODE_SIGN_STYLE = Automatic;
				CURRENT_PROJECT_VERSION = 1;
				DEVELOPMENT_ASSET_PATHS = "\"JogeDang/Preview Content\"";
				DEVELOPMENT_TEAM = P3GLC5X48U;
				ENABLE_PREVIEWS = YES;
				GENERATE_INFOPLIST_FILE = YES;
				INFOPLIST_KEY_NSCameraUsageDescription = "This will use your camera!!!";
				INFOPLIST_KEY_UIApplicationSceneManifest_Generation = YES;
				INFOPLIST_KEY_UIApplicationSupportsIndirectInputEvents = YES;
				INFOPLIST_KEY_UILaunchScreen_Generation = YES;
				INFOPLIST_KEY_UISupportedInterfaceOrientations_iPad = "UIInterfaceOrientationPortrait UIInterfaceOrientationPortraitUpsideDown UIInterfaceOrientationLandscapeLeft UIInterfaceOrientationLandscapeRight";
				INFOPLIST_KEY_UISupportedInterfaceOrientations_iPhone = "UIInterfaceOrientationPortrait UIInterfaceOrientationLandscapeLeft UIInterfaceOrientationLandscapeRight";
				LD_RUNPATH_SEARCH_PATHS = (
					"$(inherited)",
					"@executable_path/Frameworks",
				);
				MARKETING_VERSION = 1.0;
				PRODUCT_BUNDLE_IDENTIFIER = apple.JogeDang;
				PRODUCT_NAME = "$(TARGET_NAME)";
				SWIFT_EMIT_LOC_STRINGS = YES;
				SWIFT_VERSION = 5.0;
				TARGETED_DEVICE_FAMILY = "1,2";
			};
			name = Release;
		};
/* End XCBuildConfiguration section */

/* Begin XCConfigurationList section */
		124F82C92BDF91E5003A1B02 /* Build configuration list for PBXProject "JogeDang" */ = {
			isa = XCConfigurationList;
			buildConfigurations = (
				124F82DA2BDF91E6003A1B02 /* Debug */,
				124F82DB2BDF91E6003A1B02 /* Release */,
			);
			defaultConfigurationIsVisible = 0;
			defaultConfigurationName = Release;
		};
		124F82DC2BDF91E6003A1B02 /* Build configuration list for PBXNativeTarget "JogeDang" */ = {
			isa = XCConfigurationList;
			buildConfigurations = (
				124F82DD2BDF91E6003A1B02 /* Debug */,
				124F82DE2BDF91E6003A1B02 /* Release */,
			);
			defaultConfigurationIsVisible = 0;
			defaultConfigurationName = Release;
		};
/* End XCConfigurationList section */
	};
	rootObject = 124F82C62BDF91E5003A1B02 /* Project object */;
}
